// !$*UTF8*$!
{
	archiveVersion = 1;
	classes = {
	};
	objectVersion = 48;
	objects = {

/* Begin PBXBuildFile section */
		D3C58BE020AF29C00068A1BF /* AppDelegate.swift in Sources */ = {isa = PBXBuildFile; fileRef = D3C58BDF20AF29C00068A1BF /* AppDelegate.swift */; };
		D3C58BE220AF29C00068A1BF /* ViewController.swift in Sources */ = {isa = PBXBuildFile; fileRef = D3C58BE120AF29C00068A1BF /* ViewController.swift */; };
		D3C58BE520AF29C00068A1BF /* Main.storyboard in Resources */ = {isa = PBXBuildFile; fileRef = D3C58BE320AF29C00068A1BF /* Main.storyboard */; };
		D3C58BE720AF29C00068A1BF /* Assets.xcassets in Resources */ = {isa = PBXBuildFile; fileRef = D3C58BE620AF29C00068A1BF /* Assets.xcassets */; };
		D3C58BEA20AF29C00068A1BF /* LaunchScreen.storyboard in Resources */ = {isa = PBXBuildFile; fileRef = D3C58BE820AF29C00068A1BF /* LaunchScreen.storyboard */; };
/* End PBXBuildFile section */

/* Begin PBXFileReference section */
		D3C58BDC20AF29C00068A1BF /* FBLiveStreamAnimation.app */ = {isa = PBXFileReference; explicitFileType = wrapper.application; includeInIndex = 0; path = FBLiveStreamAnimation.app; sourceTree = BUILT_PRODUCTS_DIR; };
		D3C58BDF20AF29C00068A1BF /* AppDelegate.swift */ = {isa = PBXFileReference; lastKnownFileType = sourcecode.swift; path = AppDelegate.swift; sourceTree = "<group>"; };
		D3C58BE120AF29C00068A1BF /* ViewController.swift */ = {isa = PBXFileReference; lastKnownFileType = sourcecode.swift; path = ViewController.swift; sourceTree = "<group>"; };
		D3C58BE420AF29C00068A1BF /* Base */ = {isa = PBXFileReference; lastKnownFileType = file.storyboard; name = Base; path = Base.lproj/Main.storyboard; sourceTree = "<group>"; };
		D3C58BE620AF29C00068A1BF /* Assets.xcassets */ = {isa = PBXFileReference; lastKnownFileType = folder.assetcatalog; path = Assets.xcassets; sourceTree = "<group>"; };
		D3C58BE920AF29C00068A1BF /* Base */ = {isa = PBXFileReference; lastKnownFileType = file.storyboard; name = Base; path = Base.lproj/LaunchScreen.storyboard; sourceTree = "<group>"; };
		D3C58BEB20AF29C00068A1BF /* Info.plist */ = {isa = PBXFileReference; lastKnownFileType = text.plist.xml; path = Info.plist; sourceTree = "<group>"; };
/* End PBXFileReference section */

/* Begin PBXFrameworksBuildPhase section */
		D3C58BD920AF29C00068A1BF /* Frameworks */ = {
			isa = PBXFrameworksBuildPhase;
			buildActionMask = 2147483647;
			files = (
			);
			runOnlyForDeploymentPostprocessing = 0;
		};
/* End PBXFrameworksBuildPhase section */

/* Begin PBXGroup section */
		D3C58BD320AF29C00068A1BF = {
			isa = PBXGroup;
			children = (
				D3C58BDE20AF29C00068A1BF /* FBLiveStreamAnimation */,
				D3C58BDD20AF29C00068A1BF /* Products */,
			);
			sourceTree = "<group>";
		};
		D3C58BDD20AF29C00068A1BF /* Products */ = {
			isa = PBXGroup;
			children = (
				D3C58BDC20AF29C00068A1BF /* FBLiveStreamAnimation.app */,
			);
			name = Products;
			sourceTree = "<group>";
		};
		D3C58BDE20AF29C00068A1BF /* FBLiveStreamAnimation */ = {
			isa = PBXGroup;
			children = (
				D3C58BDF20AF29C00068A1BF /* AppDelegate.swift */,
				D3C58BE120AF29C00068A1BF /* ViewController.swift */,
				D3C58BE320AF29C00068A1BF /* Main.storyboard */,
				D3C58BE620AF29C00068A1BF /* Assets.xcassets */,
				D3C58BE820AF29C00068A1BF /* LaunchScreen.storyboard */,
				D3C58BEB20AF29C00068A1BF /* Info.plist */,
			);
			path = FBLiveStreamAnimation;
			sourceTree = "<group>";
		};
/* End PBXGroup section */

/* Begin PBXNativeTarget section */
		D3C58BDB20AF29C00068A1BF /* FBLiveStreamAnimation */ = {
			isa = PBXNativeTarget;
			buildConfigurationList = D3C58BEE20AF29C00068A1BF /* Build configuration list for PBXNativeTarget "FBLiveStreamAnimation" */;
			buildPhases = (
				D3C58BD820AF29C00068A1BF /* Sources */,
				D3C58BD920AF29C00068A1BF /* Frameworks */,
				D3C58BDA20AF29C00068A1BF /* Resources */,
			);
			buildRules = (
			);
			dependencies = (
			);
			name = FBLiveStreamAnimation;
			productName = FBLiveStreamAnimation;
			productReference = D3C58BDC20AF29C00068A1BF /* FBLiveStreamAnimation.app */;
			productType = "com.apple.product-type.application";
		};
/* End PBXNativeTarget section */

/* Begin PBXProject section */
		D3C58BD420AF29C00068A1BF /* Project object */ = {
			isa = PBXProject;
			attributes = {
				LastSwiftUpdateCheck = 0920;
				LastUpgradeCheck = 0920;
				ORGANIZATIONNAME = "Yash Thaker";
				TargetAttributes = {
					D3C58BDB20AF29C00068A1BF = {
						CreatedOnToolsVersion = 9.2;
						ProvisioningStyle = Automatic;
					};
				};
			};
			buildConfigurationList = D3C58BD720AF29C00068A1BF /* Build configuration list for PBXProject "FBLiveStreamAnimation" */;
			compatibilityVersion = "Xcode 8.0";
			developmentRegion = en;
			hasScannedForEncodings = 0;
			knownRegions = (
				en,
				Base,
			);
			mainGroup = D3C58BD320AF29C00068A1BF;
			productRefGroup = D3C58BDD20AF29C00068A1BF /* Products */;
			projectDirPath = "";
			projectRoot = "";
			targets = (
				D3C58BDB20AF29C00068A1BF /* FBLiveStreamAnimation */,
			);
		};
/* End PBXProject section */

/* Begin PBXResourcesBuildPhase section */
		D3C58BDA20AF29C00068A1BF /* Resources */ = {
			isa = PBXResourcesBuildPhase;
			buildActionMask = 2147483647;
			files = (
				D3C58BEA20AF29C00068A1BF /* LaunchScreen.storyboard in Resources */,
				D3C58BE720AF29C00068A1BF /* Assets.xcassets in Resources */,
				D3C58BE520AF29C00068A1BF /* Main.storyboard in Resources */,
			);
			runOnlyForDeploymentPostprocessing = 0;
		};
/* End PBXResourcesBuildPhase section */

/* Begin PBXSourcesBuildPhase section */
		D3C58BD820AF29C00068A1BF /* Sources */ = {
			isa = PBXSourcesBuildPhase;
			buildActionMask = 2147483647;
			files = (
				D3C58BE220AF29C00068A1BF /* ViewController.swift in Sources */,
				D3C58BE020AF29C00068A1BF /* AppDelegate.swift in Sources */,
			);
			runOnlyForDeploymentPostprocessing = 0;
		};
/* End PBXSourcesBuildPhase section */

/* Begin PBXVariantGroup section */
		D3C58BE320AF29C00068A1BF /* Main.storyboard */ = {
			isa = PBXVariantGroup;
			children = (
				D3C58BE420AF29C00068A1BF /* Base */,
			);
			name = Main.storyboard;
			sourceTree = "<group>";
		};
		D3C58BE820AF29C00068A1BF /* LaunchScreen.storyboard */ = {
			isa = PBXVariantGroup;
			children = (
				D3C58BE920AF29C00068A1BF /* Base */,
			);
			name = LaunchScreen.storyboard;
			sourceTree = "<group>";
		};
/* End PBXVariantGroup section */

/* Begin XCBuildConfiguration section */
		D3C58BEC20AF29C00068A1BF /* Debug */ = {
			isa = XCBuildConfiguration;
			buildSettings = {
				ALWAYS_SEARCH_USER_PATHS = NO;
				CLANG_ANALYZER_NONNULL = YES;
				CLANG_ANALYZER_NUMBER_OBJECT_CONVERSION = YES_AGGRESSIVE;
				CLANG_CXX_LANGUAGE_STANDARD = "gnu++14";
				CLANG_CXX_LIBRARY = "libc++";
				CLANG_ENABLE_MODULES = YES;
				CLANG_ENABLE_OBJC_ARC = YES;
				CLANG_WARN_BLOCK_CAPTURE_AUTORELEASING = YES;
				CLANG_WARN_BOOL_CONVERSION = YES;
				CLANG_WARN_COMMA = YES;
				CLANG_WARN_CONSTANT_CONVERSION = YES;
				CLANG_WARN_DIRECT_OBJC_ISA_USAGE = YES_ERROR;
				CLANG_WARN_DOCUMENTATION_COMMENTS = YES;
				CLANG_WARN_EMPTY_BODY = YES;
				CLANG_WARN_ENUM_CONVERSION = YES;
				CLANG_WARN_INFINITE_RECURSION = YES;
				CLANG_WARN_INT_CONVERSION = YES;
				CLANG_WARN_NON_LITERAL_NULL_CONVERSION = YES;
				CLANG_WARN_OBJC_LITERAL_CONVERSION = YES;
				CLANG_WARN_OBJC_ROOT_CLASS = YES_ERROR;
				CLANG_WARN_RANGE_LOOP_ANALYSIS = YES;
				CLANG_WARN_STRICT_PROTOTYPES = YES;
				CLANG_WARN_SUSPICIOUS_MOVE = YES;
				CLANG_WARN_UNGUARDED_AVAILABILITY = YES_AGGRESSIVE;
				CLANG_WARN_UNREACHABLE_CODE = YES;
				CLANG_WARN__DUPLICATE_METHOD_MATCH = YES;
				CODE_SIGN_IDENTITY = "iPhone Developer";
				COPY_PHASE_STRIP = NO;
				DEBUG_INFORMATION_FORMAT = dwarf;
				ENABLE_STRICT_OBJC_MSGSEND = YES;
				ENABLE_TESTABILITY = YES;
				GCC_C_LANGUAGE_STANDARD = gnu11;
				GCC_DYNAMIC_NO_PIC = NO;
				GCC_NO_COMMON_BLOCKS = YES;
				GCC_OPTIMIZATION_LEVEL = 0;
				GCC_PREPROCESSOR_DEFINITIONS = (
					"DEBUG=1",
					"$(inherited)",
				);
				GCC_WARN_64_TO_32_BIT_CONVERSION = YES;
				GCC_WARN_ABOUT_RETURN_TYPE = YES_ERROR;
				GCC_WARN_UNDECLARED_SELECTOR = YES;
				GCC_WARN_UNINITIALIZED_AUTOS = YES_AGGRESSIVE;
				GCC_WARN_UNUSED_FUNCTION = YES;
				GCC_WARN_UNUSED_VARIABLE = YES;
				IPHONEOS_DEPLOYMENT_TARGET = 11.2;
				MTL_ENABLE_DEBUG_INFO = YES;
				ONLY_ACTIVE_ARCH = YES;
				SDKROOT = iphoneos;
				SWIFT_ACTIVE_COMPILATION_CONDITIONS = DEBUG;
				SWIFT_OPTIMIZATION_LEVEL = "-Onone";
			};
			name = Debug;
		};
		D3C58BED20AF29C00068A1BF /* Release */ = {
			isa = XCBuildConfiguration;
			buildSettings = {
				ALWAYS_SEARCH_USER_PATHS = NO;
				CLANG_ANALYZER_NONNULL = YES;
				CLANG_ANALYZER_NUMBER_OBJECT_CONVERSION = YES_AGGRESSIVE;
				CLANG_CXX_LANGUAGE_STANDARD = "gnu++14";
				CLANG_CXX_LIBRARY = "libc++";
				CLANG_ENABLE_MODULES = YES;
				CLANG_ENABLE_OBJC_ARC = YES;
				CLANG_WARN_BLOCK_CAPTURE_AUTORELEASING = YES;
				CLANG_WARN_BOOL_CONVERSION = YES;
				CLANG_WARN_COMMA = YES;
				CLANG_WARN_CONSTANT_CONVERSION = YES;
				CLANG_WARN_DIRECT_OBJC_ISA_USAGE = YES_ERROR;
				CLANG_WARN_DOCUMENTATION_COMMENTS = YES;
				CLANG_WARN_EMPTY_BODY = YES;
				CLANG_WARN_ENUM_CONVERSION = YES;
				CLANG_WARN_INFINITE_RECURSION = YES;
				CLANG_WARN_INT_CONVERSION = YES;
				CLANG_WARN_NON_LITERAL_NULL_CONVERSION = YES;
				CLANG_WARN_OBJC_LITERAL_CONVERSION = YES;
				CLANG_WARN_OBJC_ROOT_CLASS = YES_ERROR;
				CLANG_WARN_RANGE_LOOP_ANALYSIS = YES;
				CLANG_WARN_STRICT_PROTOTYPES = YES;
				CLANG_WARN_SUSPICIOUS_MOVE = YES;
				CLANG_WARN_UNGUARDED_AVAILABILITY = YES_AGGRESSIVE;
				CLANG_WARN_UNREACHABLE_CODE = YES;
				CLANG_WARN__DUPLICATE_METHOD_MATCH = YES;
				CODE_SIGN_IDENTITY = "iPhone Developer";
				COPY_PHASE_STRIP = NO;
				DEBUG_INFORMATION_FORMAT = "dwarf-with-dsym";
				ENABLE_NS_ASSERTIONS = NO;
				ENABLE_STRICT_OBJC_MSGSEND = YES;
				GCC_C_LANGUAGE_STANDARD = gnu11;
				GCC_NO_COMMON_BLOCKS = YES;
				GCC_WARN_64_TO_32_BIT_CONVERSION = YES;
				GCC_WARN_ABOUT_RETURN_TYPE = YES_ERROR;
				GCC_WARN_UNDECLARED_SELECTOR = YES;
				GCC_WARN_UNINITIALIZED_AUTOS = YES_AGGRESSIVE;
				GCC_WARN_UNUSED_FUNCTION = YES;
				GCC_WARN_UNUSED_VARIABLE = YES;
				IPHONEOS_DEPLOYMENT_TARGET = 11.2;
				MTL_ENABLE_DEBUG_INFO = NO;
				SDKROOT = iphoneos;
				SWIFT_OPTIMIZATION_LEVEL = "-Owholemodule";
				VALIDATE_PRODUCT = YES;
			};
			name = Release;
		};
		D3C58BEF20AF29C00068A1BF /* Debug */ = {
			isa = XCBuildConfiguration;
			buildSettings = {
				ASSETCATALOG_COMPILER_APPICON_NAME = AppIcon;
				CODE_SIGN_STYLE = Automatic;
				DEVELOPMENT_TEAM = FWQ7N3RX7G;
				INFOPLIST_FILE = FBLiveStreamAnimation/Info.plist;
				LD_RUNPATH_SEARCH_PATHS = "$(inherited) @executable_path/Frameworks";
				PRODUCT_BUNDLE_IDENTIFIER = com.YashThaker.FBLiveStreamAnimation;
				PRODUCT_NAME = "$(TARGET_NAME)";
				SWIFT_VERSION = 4.0;
				TARGETED_DEVICE_FAMILY = "1,2";
			};
			name = Debug;
		};
		D3C58BF020AF29C00068A1BF /* Release */ = {
			isa = XCBuildConfiguration;
			buildSettings = {
				ASSETCATALOG_COMPILER_APPICON_NAME = AppIcon;
				CODE_SIGN_STYLE = Automatic;
				DEVELOPMENT_TEAM = FWQ7N3RX7G;
				INFOPLIST_FILE = FBLiveStreamAnimation/Info.plist;
				LD_RUNPATH_SEARCH_PATHS = "$(inherited) @executable_path/Frameworks";
				PRODUCT_BUNDLE_IDENTIFIER = com.YashThaker.FBLiveStreamAnimation;
				PRODUCT_NAME = "$(TARGET_NAME)";
				SWIFT_VERSION = 4.0;
				TARGETED_DEVICE_FAMILY = "1,2";
			};
			name = Release;
		};
/* End XCBuildConfiguration section */

/* Begin XCConfigurationList section */
		D3C58BD720AF29C00068A1BF /* Build configuration list for PBXProject "FBLiveStreamAnimation" */ = {
			isa = XCConfigurationList;
			buildConfigurations = (
				D3C58BEC20AF29C00068A1BF /* Debug */,
				D3C58BED20AF29C00068A1BF /* Release */,
			);
			defaultConfigurationIsVisible = 0;
			defaultConfigurationName = Release;
		};
		D3C58BEE20AF29C00068A1BF /* Build configuration list for PBXNativeTarget "FBLiveStreamAnimation" */ = {
			isa = XCConfigurationList;
			buildConfigurations = (
				D3C58BEF20AF29C00068A1BF /* Debug */,
				D3C58BF020AF29C00068A1BF /* Release */,
			);
			defaultConfigurationIsVisible = 0;
			defaultConfigurationName = Release;
		};
/* End XCConfigurationList section */
	};
	rootObject = D3C58BD420AF29C00068A1BF /* Project object */;
}
